
Microsoft Visual Studio Solution File, Format Version 12.00
# Visual Studio 2013
VisualStudioVersion = 12.0.30723.0
MinimumVisualStudioVersion = 10.0.40219.1
Project("{FAE04EC0-301F-11D3-BF4B-00C04F79EFBC}") = "Dal", "Dal\Dal.csproj", "{2074D67A-AC3E-4E31-9083-28A0410F01C6}"
EndProject
Project("{FAE04EC0-301F-11D3-BF4B-00C04F79EFBC}") = "Bll", "Bll\Bll.csproj", "{F7918837-5A1D-46E4-948E-F6027715FCE9}"
EndProject
Project("{FAE04EC0-301F-11D3-BF4B-00C04F79EFBC}") = "RegistroMedico", "RegistroMedico\RegistroMedico.csproj", "{9089BA5D-F3D1-45B0-9F9A-5BF8848C493B}"
EndProject
Global
	GlobalSection(SolutionConfigurationPlatforms) = preSolution
		Debug|Any CPU = Debug|Any CPU
		Release|Any CPU = Release|Any CPU
	EndGlobalSection
	GlobalSection(ProjectConfigurationPlatforms) = postSolution
		{2074D67A-AC3E-4E31-9083-28A0410F01C6}.Debug|Any CPU.ActiveCfg = Debug|Any CPU
		{2074D67A-AC3E-4E31-9083-28A0410F01C6}.Debug|Any CPU.Build.0 = Debug|Any CPU
		{2074D67A-AC3E-4E31-9083-28A0410F01C6}.Release|Any CPU.ActiveCfg = Release|Any CPU
		{2074D67A-AC3E-4E31-9083-28A0410F01C6}.Release|Any CPU.Build.0 = Release|Any CPU
		{F7918837-5A1D-46E4-948E-F6027715FCE9}.Debug|Any CPU.ActiveCfg = Debug|Any CPU
		{F7918837-5A1D-46E4-948E-F6027715FCE9}.Debug|Any CPU.Build.0 = Debug|Any CPU
		{F7918837-5A1D-46E4-948E-F6027715FCE9}.Release|Any CPU.ActiveCfg = Release|Any CPU
		{F7918837-5A1D-46E4-948E-F6027715FCE9}.Release|Any CPU.Build.0 = Release|Any CPU
		{9089BA5D-F3D1-45B0-9F9A-5BF8848C493B}.Debug|Any CPU.ActiveCfg = Debug|Any CPU
		{9089BA5D-F3D1-45B0-9F9A-5BF8848C493B}.Debug|Any CPU.Build.0 = Debug|Any CPU
		{9089BA5D-F3D1-45B0-9F9A-5BF8848C493B}.Release|Any CPU.ActiveCfg = Release|Any CPU
		{9089BA5D-F3D1-45B0-9F9A-5BF8848C493B}.Release|Any CPU.Build.0 = Release|Any CPU
	EndGlobalSection
	GlobalSection(SolutionProperties) = preSolution
		HideSolutionNode = FALSE
	EndGlobalSection
EndGlobal
